
Microsoft Visual Studio Solution File, Format Version 12.00
# Visual Studio Version 16
VisualStudioVersion = 16.0.31205.134
MinimumVisualStudioVersion = 10.0.40219.1
Project("{FAE04EC0-301F-11D3-BF4B-00C04F79EFBC}") = "MahirMusavirlikCore", "MahirMusavirlikCore\MahirMusavirlikCore.csproj", "{30F23BA1-00C9-45A0-9D39-4D88A64415C6}"
EndProject
Global
	GlobalSection(SolutionConfigurationPlatforms) = preSolution
		Debug|Any CPU = Debug|Any CPU
		Release|Any CPU = Release|Any CPU
	EndGlobalSection
	GlobalSection(ProjectConfigurationPlatforms) = postSolution
		{30F23BA1-00C9-45A0-9D39-4D88A64415C6}.Debug|Any CPU.ActiveCfg = Debug|Any CPU
		{30F23BA1-00C9-45A0-9D39-4D88A64415C6}.Debug|Any CPU.Build.0 = Debug|Any CPU
		{30F23BA1-00C9-45A0-9D39-4D88A64415C6}.Release|Any CPU.ActiveCfg = Release|Any CPU
		{30F23BA1-00C9-45A0-9D39-4D88A64415C6}.Release|Any CPU.Build.0 = Release|Any CPU
	EndGlobalSection
	GlobalSection(SolutionProperties) = preSolution
		HideSolutionNode = FALSE
	EndGlobalSection
	GlobalSection(ExtensibilityGlobals) = postSolution
		SolutionGuid = {5A8FD4B7-A1C8-44E6-B1FA-D41D8BD838E8}
	EndGlobalSection
EndGlobal
